{
  "version": 4,
  "terraform_version": "1.3.5",
  "serial": 11,
  "lineage": "59d44b2a-6328-c9dd-426b-bff3c4e8cf06",
  "outputs": {},
  "resources": [
    {
      "mode": "managed",
      "type": "github_repository",
      "name": "Terraform",
      "provider": "provider[\"registry.terraform.io/integrations/github\"]",
      "instances": [
        {
          "schema_version": 0,
          "attributes": {
            "allow_auto_merge": false,
            "allow_merge_commit": true,
            "allow_rebase_merge": true,
            "allow_squash_merge": true,
            "allow_update_branch": false,
            "archive_on_destroy": null,
            "archived": false,
            "auto_init": null,
            "default_branch": "main",
            "delete_branch_on_merge": false,
            "description": "Repository for all the terraform files for resources",
            "etag": "W/\"984ae3afcf1ea5f76615fb83c3f96d3f3175e119e953724a603f2d6332c67236\"",
            "full_name": "sshivharegit/Terraform",
            "git_clone_url": "git://github.com/sshivharegit/Terraform.git",
            "gitignore_template": null,
            "has_downloads": false,
            "has_issues": false,
            "has_projects": false,
            "has_wiki": false,
            "homepage_url": "",
            "html_url": "https://github.com/sshivharegit/Terraform",
            "http_clone_url": "https://github.com/sshivharegit/Terraform.git",
            "id": "Terraform",
            "ignore_vulnerability_alerts_during_read": null,
            "is_template": false,
            "license_template": null,
            "merge_commit_message": "PR_TITLE",
            "merge_commit_title": "MERGE_MESSAGE",
            "name": "Terraform",
            "node_id": "R_kgDOIiFCBA",
            "pages": [],
            "private": false,
            "repo_id": 572604932,
            "security_and_analysis": [],
            "squash_merge_commit_message": "COMMIT_MESSAGES",
            "squash_merge_commit_title": "COMMIT_OR_PR_TITLE",
            "ssh_clone_url": "git@github.com:sshivharegit/Terraform.git",
            "svn_url": "https://github.com/sshivharegit/Terraform",
            "template": [],
            "topics": null,
            "visibility": "public",
            "vulnerability_alerts": false
          },
          "sensitive_attributes": [],
          "private": "bnVsbA=="
        }
      ]
    }
  ],
  "check_results": null
}
